
Microsoft Visual Studio Solution File, Format Version 12.00
# Visual Studio Version 16
VisualStudioVersion = 16.0.31911.196
MinimumVisualStudioVersion = 10.0.40219.1
Project("{FAE04EC0-301F-11D3-BF4B-00C04F79EFBC}") = "Ecran", "Ecran\Ecran.csproj", "{47898EF7-D106-4780-8770-4FB810B12BF2}"
EndProject
Global
	GlobalSection(SolutionConfigurationPlatforms) = preSolution
		Debug|Any CPU = Debug|Any CPU
		Release|Any CPU = Release|Any CPU
	EndGlobalSection
	GlobalSection(ProjectConfigurationPlatforms) = postSolution
		{47898EF7-D106-4780-8770-4FB810B12BF2}.Debug|Any CPU.ActiveCfg = Debug|Any CPU
		{47898EF7-D106-4780-8770-4FB810B12BF2}.Debug|Any CPU.Build.0 = Debug|Any CPU
		{47898EF7-D106-4780-8770-4FB810B12BF2}.Release|Any CPU.ActiveCfg = Release|Any CPU
		{47898EF7-D106-4780-8770-4FB810B12BF2}.Release|Any CPU.Build.0 = Release|Any CPU
	EndGlobalSection
	GlobalSection(SolutionProperties) = preSolution
		HideSolutionNode = FALSE
	EndGlobalSection
	GlobalSection(ExtensibilityGlobals) = postSolution
		SolutionGuid = {3687E218-13B8-4974-910D-F3A93C2FB935}
	EndGlobalSection
EndGlobal
