
Microsoft Visual Studio Solution File, Format Version 12.00
# Visual Studio Version 16
VisualStudioVersion = 16.0.32002.261
MinimumVisualStudioVersion = 10.0.40219.1
Project("{FAE04EC0-301F-11D3-BF4B-00C04F79EFBC}") = "Exercice1_1_1", "Exercice1_1_1\Exercice1_1_1.csproj", "{B7B7381E-4805-42B5-A861-C6C4918F27D8}"
EndProject
Project("{FAE04EC0-301F-11D3-BF4B-00C04F79EFBC}") = "Exercice1_1_2", "..\Exercice1_1_2\Exercice1_1_2.csproj", "{D10FDFED-BBB1-4D62-9CE3-7F217733716D}"
EndProject
Project("{FAE04EC0-301F-11D3-BF4B-00C04F79EFBC}") = "ConsoleApp1", "..\ConsoleApp1\ConsoleApp1.csproj", "{74ADE91F-6E9A-4986-A4AD-B614B3E835C7}"
EndProject
Global
	GlobalSection(SolutionConfigurationPlatforms) = preSolution
		Debug|Any CPU = Debug|Any CPU
		Release|Any CPU = Release|Any CPU
	EndGlobalSection
	GlobalSection(ProjectConfigurationPlatforms) = postSolution
		{B7B7381E-4805-42B5-A861-C6C4918F27D8}.Debug|Any CPU.ActiveCfg = Debug|Any CPU
		{B7B7381E-4805-42B5-A861-C6C4918F27D8}.Debug|Any CPU.Build.0 = Debug|Any CPU
		{B7B7381E-4805-42B5-A861-C6C4918F27D8}.Release|Any CPU.ActiveCfg = Release|Any CPU
		{B7B7381E-4805-42B5-A861-C6C4918F27D8}.Release|Any CPU.Build.0 = Release|Any CPU
		{D10FDFED-BBB1-4D62-9CE3-7F217733716D}.Debug|Any CPU.ActiveCfg = Debug|Any CPU
		{D10FDFED-BBB1-4D62-9CE3-7F217733716D}.Debug|Any CPU.Build.0 = Debug|Any CPU
		{D10FDFED-BBB1-4D62-9CE3-7F217733716D}.Release|Any CPU.ActiveCfg = Release|Any CPU
		{D10FDFED-BBB1-4D62-9CE3-7F217733716D}.Release|Any CPU.Build.0 = Release|Any CPU
		{74ADE91F-6E9A-4986-A4AD-B614B3E835C7}.Debug|Any CPU.ActiveCfg = Debug|Any CPU
		{74ADE91F-6E9A-4986-A4AD-B614B3E835C7}.Debug|Any CPU.Build.0 = Debug|Any CPU
		{74ADE91F-6E9A-4986-A4AD-B614B3E835C7}.Release|Any CPU.ActiveCfg = Release|Any CPU
		{74ADE91F-6E9A-4986-A4AD-B614B3E835C7}.Release|Any CPU.Build.0 = Release|Any CPU
	EndGlobalSection
	GlobalSection(SolutionProperties) = preSolution
		HideSolutionNode = FALSE
	EndGlobalSection
	GlobalSection(ExtensibilityGlobals) = postSolution
		SolutionGuid = {18DD412E-CC22-44A3-BB33-CFAF9EE84677}
	EndGlobalSection
EndGlobal
